
Microsoft Visual Studio Solution File, Format Version 12.00
# Visual Studio Version 16
VisualStudioVersion = 16.0.31702.278
MinimumVisualStudioVersion = 10.0.40219.1
Project("{FAE04EC0-301F-11D3-BF4B-00C04F79EFBC}") = "Vasuthalozat", "Vasuthalozat\Vasuthalozat.csproj", "{4A370620-A67A-42BC-BD71-F53CA55F09A5}"
EndProject
Global
	GlobalSection(SolutionConfigurationPlatforms) = preSolution
		Debug|Any CPU = Debug|Any CPU
		Release|Any CPU = Release|Any CPU
	EndGlobalSection
	GlobalSection(ProjectConfigurationPlatforms) = postSolution
		{4A370620-A67A-42BC-BD71-F53CA55F09A5}.Debug|Any CPU.ActiveCfg = Debug|Any CPU
		{4A370620-A67A-42BC-BD71-F53CA55F09A5}.Debug|Any CPU.Build.0 = Debug|Any CPU
		{4A370620-A67A-42BC-BD71-F53CA55F09A5}.Release|Any CPU.ActiveCfg = Release|Any CPU
		{4A370620-A67A-42BC-BD71-F53CA55F09A5}.Release|Any CPU.Build.0 = Release|Any CPU
	EndGlobalSection
	GlobalSection(SolutionProperties) = preSolution
		HideSolutionNode = FALSE
	EndGlobalSection
	GlobalSection(ExtensibilityGlobals) = postSolution
		SolutionGuid = {AD1C474A-B493-4D89-8211-144F61727BE5}
	EndGlobalSection
EndGlobal
